
Microsoft Visual Studio Solution File, Format Version 12.00
# Visual Studio Version 17
VisualStudioVersion = 17.7.34009.444
MinimumVisualStudioVersion = 10.0.40219.1
Project("{C9674DCB-5085-4A16-B785-4C70DD1589BD}") = "CDC Initial Load", "CDC Initial Load\CDC Initial Load.dtproj", "{F980F79A-EDA7-451C-B84A-6D7A2B6C57CC}"
EndProject
Global
	GlobalSection(SolutionConfigurationPlatforms) = preSolution
		Development|Default = Development|Default
	EndGlobalSection
	GlobalSection(ProjectConfigurationPlatforms) = postSolution
		{F980F79A-EDA7-451C-B84A-6D7A2B6C57CC}.Development|Default.ActiveCfg = Development
		{F980F79A-EDA7-451C-B84A-6D7A2B6C57CC}.Development|Default.Build.0 = Development
	EndGlobalSection
	GlobalSection(SolutionProperties) = preSolution
		HideSolutionNode = FALSE
	EndGlobalSection
	GlobalSection(ExtensibilityGlobals) = postSolution
		SolutionGuid = {CFEE5F44-0973-46CA-A46E-03B59A4BE4CD}
	EndGlobalSection
EndGlobal
